
Microsoft Visual Studio Solution File, Format Version 12.00
# Visual Studio Version 17
VisualStudioVersion = 17.4.33213.308
MinimumVisualStudioVersion = 10.0.40219.1
Project("{FAE04EC0-301F-11D3-BF4B-00C04F79EFBC}") = "DWBI_Interface", "DWBI_Interface\DWBI_Interface.csproj", "{AC94D8FB-ACD9-45DD-8E44-75B002632148}"
EndProject
Global
	GlobalSection(SolutionConfigurationPlatforms) = preSolution
		Debug|Any CPU = Debug|Any CPU
		Release|Any CPU = Release|Any CPU
	EndGlobalSection
	GlobalSection(ProjectConfigurationPlatforms) = postSolution
		{AC94D8FB-ACD9-45DD-8E44-75B002632148}.Debug|Any CPU.ActiveCfg = Debug|Any CPU
		{AC94D8FB-ACD9-45DD-8E44-75B002632148}.Debug|Any CPU.Build.0 = Debug|Any CPU
		{AC94D8FB-ACD9-45DD-8E44-75B002632148}.Release|Any CPU.ActiveCfg = Release|Any CPU
		{AC94D8FB-ACD9-45DD-8E44-75B002632148}.Release|Any CPU.Build.0 = Release|Any CPU
	EndGlobalSection
	GlobalSection(SolutionProperties) = preSolution
		HideSolutionNode = FALSE
	EndGlobalSection
	GlobalSection(ExtensibilityGlobals) = postSolution
		SolutionGuid = {939475C7-FEB6-4521-AC53-F0D2DCABD479}
	EndGlobalSection
EndGlobal
